
Microsoft Visual Studio Solution File, Format Version 12.00
# Visual Studio Version 17
VisualStudioVersion = 17.8.34525.116
MinimumVisualStudioVersion = 10.0.40219.1
Project("{9A19103F-16F7-4668-BE54-9A1E7A4F7556}") = "ARS.API", "ARS.API\ARS.API.csproj", "{38366499-E53C-4905-905F-A0FF964BA862}"
EndProject
Global
	GlobalSection(SolutionConfigurationPlatforms) = preSolution
		Debug|Any CPU = Debug|Any CPU
		Release|Any CPU = Release|Any CPU
	EndGlobalSection
	GlobalSection(ProjectConfigurationPlatforms) = postSolution
		{38366499-E53C-4905-905F-A0FF964BA862}.Debug|Any CPU.ActiveCfg = Debug|Any CPU
		{38366499-E53C-4905-905F-A0FF964BA862}.Debug|Any CPU.Build.0 = Debug|Any CPU
		{38366499-E53C-4905-905F-A0FF964BA862}.Release|Any CPU.ActiveCfg = Release|Any CPU
		{38366499-E53C-4905-905F-A0FF964BA862}.Release|Any CPU.Build.0 = Release|Any CPU
	EndGlobalSection
	GlobalSection(SolutionProperties) = preSolution
		HideSolutionNode = FALSE
	EndGlobalSection
	GlobalSection(ExtensibilityGlobals) = postSolution
		SolutionGuid = {7934B129-203D-4BE0-9756-21F486132295}
	EndGlobalSection
EndGlobal
